{
  "name": "@axelhzf/graphql-pokemon-server",
  "version": "1.0.3",
  "lockfileVersion": 3,
  "requires": true,
  "packages": {
    "": {
      "name": "@axelhzf/graphql-pokemon-server",
      "version": "1.0.3",
      "license": "MIT",
      "dependencies": {
        "apollo-server-express": "^2.3.1",
        "express": "^4.16.4",
        "graphql": "^14.1.1",
        "lodash": "^4.17.11"
      },
      "bin": {
        "graphql-pokemon-server": "src/index.js"
      }
    },
    "node_modules/@apollo/protobufjs": {
      "version": "1.0.4",
      "hasInstallScript": true,
      "license": "BSD-3-Clause",
      "dependencies": {
        "@protobufjs/aspromise": "^1.1.2",
        "@protobufjs/base64": "^1.1.2",
        "@protobufjs/codegen": "^2.0.4",
        "@protobufjs/eventemitter": "^1.1.0",
        "@protobufjs/fetch": "^1.1.0",
        "@protobufjs/float": "^1.0.2",
        "@protobufjs/inquire": "^1.1.0",
        "@protobufjs/path": "^1.1.2",
        "@protobufjs/pool": "^1.1.0",
        "@protobufjs/utf8": "^1.1.0",
        "@types/long": "^4.0.0",
        "@types/node": "^10.1.0",
        "long": "^4.0.0"
      },
      "bin": {
        "apollo-pbjs": "bin/pbjs",
        "apollo-pbts": "bin/pbts"
      }
    },
    "node_modules/@apollo/protobufjs/node_modules/@types/node": {
      "version": "10.17.26",
      "license": "MIT"
    },
    "node_modules/@apollographql/apollo-tools": {
      "version": "0.4.8",
      "license": "MIT",
      "dependencies": {
        "apollo-env": "^0.6.5"
      },
      "engines": {
        "node": ">=8",
        "npm": ">=6"
      }
    },
    "node_modules/@apollographql/graphql-playground-html": {
      "version": "1.6.24",
      "license": "MIT"
    },
    "node_modules/@protobufjs/aspromise": {
      "version": "1.1.2",
      "license": "BSD-3-Clause"
    },
    "node_modules/@protobufjs/base64": {
      "version": "1.1.2",
      "license": "BSD-3-Clause"
    },
    "node_modules/@protobufjs/codegen": {
      "version": "2.0.4",
      "license": "BSD-3-Clause"
    },
    "node_modules/@protobufjs/eventemitter": {
      "version": "1.1.0",
      "license": "BSD-3-Clause"
    },
    "node_modules/@protobufjs/fetch": {
      "version": "1.1.0",
      "license": "BSD-3-Clause",
      "dependencies": {
        "@protobufjs/aspromise": "^1.1.1",
        "@protobufjs/inquire": "^1.1.0"
      }
    },
    "node_modules/@protobufjs/float": {
      "version": "1.0.2",
      "license": "BSD-3-Clause"
    },
    "node_modules/@protobufjs/inquire": {
      "version": "1.1.0",
      "license": "BSD-3-Clause"
    },
    "node_modules/@protobufjs/path": {
      "version": "1.1.2",
      "license": "BSD-3-Clause"
    },
    "node_modules/@protobufjs/pool": {
      "version": "1.1.0",
      "license": "BSD-3-Clause"
    },
    "node_modules/@protobufjs/utf8": {
      "version": "1.1.0",
      "license": "BSD-3-Clause"
    },
    "node_modules/@types/accepts": {
      "version": "1.3.5",
      "license": "MIT",
      "dependencies": {
        "@types/node": "*"
      }
    },
    "node_modules/@types/body-parser": {
      "version": "1.19.0",
      "license": "MIT",
      "dependencies": {
        "@types/connect": "*",
        "@types/node": "*"
      }
    },
    "node_modules/@types/connect": {
      "version": "3.4.33",
      "license": "MIT",
      "dependencies": {
        "@types/node": "*"
      }
    },
    "node_modules/@types/content-disposition": {
      "version": "0.5.3",
      "license": "MIT"
    },
    "node_modules/@types/cookies": {
      "version": "0.7.4",
      "license": "MIT",
      "dependencies": {
        "@types/connect": "*",
        "@types/express": "*",
        "@types/keygrip": "*",
        "@types/node": "*"
      }
    },
    "node_modules/@types/cors": {
      "version": "2.8.6",
      "license": "MIT",
      "dependencies": {
        "@types/express": "*"
      }
    },
    "node_modules/@types/express": {
      "version": "4.17.4",
      "license": "MIT",
      "dependencies": {
        "@types/body-parser": "*",
        "@types/express-serve-static-core": "*",
        "@types/qs": "*",
        "@types/serve-static": "*"
      }
    },
    "node_modules/@types/express-serve-static-core": {
      "version": "4.17.7",
      "license": "MIT",
      "dependencies": {
        "@types/node": "*",
        "@types/qs": "*",
        "@types/range-parser": "*"
      }
    },
    "node_modules/@types/fs-capacitor": {
      "version": "2.0.0",
      "license": "MIT",
      "dependencies": {
        "@types/node": "*"
      }
    },
    "node_modules/@types/graphql-upload": {
      "version": "8.0.3",
      "license": "MIT",
      "dependencies": {
        "@types/express": "*",
        "@types/fs-capacitor": "*",
        "@types/koa": "*",
        "graphql": "^14.5.3"
      }
    },
    "node_modules/@types/http-assert": {
      "version": "1.5.1",
      "license": "MIT"
    },
    "node_modules/@types/keygrip": {
      "version": "1.0.2",
      "license": "MIT"
    },
    "node_modules/@types/koa": {
      "version": "2.11.3",
      "license": "MIT",
      "dependencies": {
        "@types/accepts": "*",
        "@types/content-disposition": "*",
        "@types/cookies": "*",
        "@types/http-assert": "*",
        "@types/keygrip": "*",
        "@types/koa-compose": "*",
        "@types/node": "*"
      }
    },
    "node_modules/@types/koa-compose": {
      "version": "3.2.5",
      "license": "MIT",
      "dependencies": {
        "@types/koa": "*"
      }
    },
    "node_modules/@types/long": {
      "version": "4.0.1",
      "license": "MIT"
    },
    "node_modules/@types/mime": {
      "version": "2.0.2",
      "license": "MIT"
    },
    "node_modules/@types/node": {
      "version": "14.0.13",
      "license": "MIT"
    },
    "node_modules/@types/node-fetch": {
      "version": "2.5.7",
      "license": "MIT",
      "dependencies": {
        "@types/node": "*",
        "form-data": "^3.0.0"
      }
    },
    "node_modules/@types/qs": {
      "version": "6.9.3",
      "license": "MIT"
    },
    "node_modules/@types/range-parser": {
      "version": "1.2.3",
      "license": "MIT"
    },
    "node_modules/@types/serve-static": {
      "version": "1.13.4",
      "license": "MIT",
      "dependencies": {
        "@types/express-serve-static-core": "*",
        "@types/mime": "*"
      }
    },
    "node_modules/@types/ws": {
      "version": "7.2.5",
      "license": "MIT",
      "dependencies": {
        "@types/node": "*"
      }
    },
    "node_modules/@wry/equality": {
      "version": "0.1.11",
      "license": "MIT",
      "dependencies": {
        "tslib": "^1.9.3"
      }
    },
    "node_modules/accepts": {
      "version": "1.3.5",
      "license": "MIT",
      "dependencies": {
        "mime-types": "~2.1.18",
        "negotiator": "0.6.1"
      },
      "engines": {
        "node": ">= 0.6"
      }
    },
    "node_modules/apollo-cache-control": {
      "version": "0.11.0",
      "license": "MIT",
      "dependencies": {
        "apollo-server-env": "^2.4.4",
        "apollo-server-plugin-base": "^0.9.0"
      },
      "engines": {
        "node": ">=6.0"
      },
      "peerDependencies": {
        "graphql": "^0.12.0 || ^0.13.0 || ^14.0.0 || ^15.0.0"
      }
    },
    "node_modules/apollo-datasource": {
      "version": "0.7.1",
      "license": "MIT",
      "dependencies": {
        "apollo-server-caching": "^0.5.1",
        "apollo-server-env": "^2.4.4"
      },
      "engines": {
        "node": ">=6"
      }
    },
    "node_modules/apollo-engine-reporting": {
      "version": "2.0.1",
      "license": "MIT",
      "dependencies": {
        "apollo-engine-reporting-protobuf": "^0.5.1",
        "apollo-graphql": "^0.4.0",
        "apollo-server-caching": "^0.5.1",
        "apollo-server-env": "^2.4.4",
        "apollo-server-errors": "^2.4.1",
        "apollo-server-plugin-base": "^0.9.0",
        "apollo-server-types": "^0.5.0",
        "async-retry": "^1.2.1",
        "uuid": "^8.0.0"
      },
      "engines": {
        "node": ">=6.0"
      },
      "peerDependencies": {
        "graphql": "^0.12.0 || ^0.13.0 || ^14.0.0 || ^15.0.0"
      }
    },
    "node_modules/apollo-engine-reporting-protobuf": {
      "version": "0.5.1",
      "license": "MIT",
      "dependencies": {
        "@apollo/protobufjs": "^1.0.3"
      }
    },
    "node_modules/apollo-env": {
      "version": "0.6.5",
      "license": "MIT",
      "dependencies": {
        "@types/node-fetch": "2.5.7",
        "core-js": "^3.0.1",
        "node-fetch": "^2.2.0",
        "sha.js": "^2.4.11"
      },
      "engines": {
        "node": ">=8"
      }
    },
    "node_modules/apollo-graphql": {
      "version": "0.4.5",
      "license": "MIT",
      "dependencies": {
        "apollo-env": "^0.6.5",
        "lodash.sortby": "^4.7.0"
      },
      "engines": {
        "node": ">=6"
      },
      "peerDependencies": {
        "graphql": "^14.2.1"
      }
    },
    "node_modules/apollo-link": {
      "version": "1.2.14",
      "license": "MIT",
      "dependencies": {
        "apollo-utilities": "^1.3.0",
        "ts-invariant": "^0.4.0",
        "tslib": "^1.9.3",
        "zen-observable-ts": "^0.8.21"
      },
      "peerDependencies": {
        "graphql": "^0.11.3 || ^0.12.3 || ^0.13.0 || ^14.0.0 || ^15.0.0"
      }
    },
    "node_modules/apollo-server-caching": {
      "version": "0.5.1",
      "license": "MIT",
      "dependencies": {
        "lru-cache": "^5.0.0"
      },
      "engines": {
        "node": ">=6"
      }
    },
    "node_modules/apollo-server-core": {
      "version": "2.14.4",
      "license": "MIT",
      "dependencies": {
        "@apollographql/apollo-tools": "^0.4.3",
        "@apollographql/graphql-playground-html": "1.6.26",
        "@types/graphql-upload": "^8.0.0",
        "@types/ws": "^7.0.0",
        "apollo-cache-control": "^0.11.0",
        "apollo-datasource": "^0.7.1",
        "apollo-engine-reporting": "^2.0.1",
        "apollo-server-caching": "^0.5.1",
        "apollo-server-env": "^2.4.4",
        "apollo-server-errors": "^2.4.1",
        "apollo-server-plugin-base": "^0.9.0",
        "apollo-server-types": "^0.5.0",
        "apollo-tracing": "^0.11.0",
        "fast-json-stable-stringify": "^2.0.0",
        "graphql-extensions": "^0.12.3",
        "graphql-tag": "^2.9.2",
        "graphql-tools": "^4.0.0",
        "graphql-upload": "^8.0.2",
        "loglevel": "^1.6.7",
        "sha.js": "^2.4.11",
        "subscriptions-transport-ws": "^0.9.11",
        "ws": "^6.0.0"
      },
      "engines": {
        "node": ">=6"
      },
      "peerDependencies": {
        "graphql": "^0.12.0 || ^0.13.0 || ^14.0.0 || ^15.0.0"
      }
    },
    "node_modules/apollo-server-core/node_modules/@apollographql/graphql-playground-html": {
      "version": "1.6.26",
      "license": "MIT",
      "dependencies": {
        "xss": "^1.0.6"
      }
    },
    "node_modules/apollo-server-env": {
      "version": "2.4.4",
      "license": "MIT",
      "dependencies": {
        "node-fetch": "^2.1.2",
        "util.promisify": "^1.0.0"
      },
      "engines": {
        "node": ">=6"
      }
    },
    "node_modules/apollo-server-errors": {
      "version": "2.4.1",
      "license": "MIT",
      "engines": {
        "node": ">=6"
      },
      "peerDependencies": {
        "graphql": "^0.12.0 || ^0.13.0 || ^14.0.0 || ^15.0.0"
      }
    },
    "node_modules/apollo-server-express": {
      "version": "2.14.2",
      "license": "MIT",
      "dependencies": {
        "@apollographql/graphql-playground-html": "1.6.24",
        "@types/accepts": "^1.3.5",
        "@types/body-parser": "1.19.0",
        "@types/cors": "^2.8.4",
        "@types/express": "4.17.4",
        "accepts": "^1.3.5",
        "apollo-server-core": "^2.14.2",
        "apollo-server-types": "^0.5.0",
        "body-parser": "^1.18.3",
        "cors": "^2.8.4",
        "express": "^4.17.1",
        "graphql-subscriptions": "^1.0.0",
        "graphql-tools": "^4.0.0",
        "parseurl": "^1.3.2",
        "subscriptions-transport-ws": "^0.9.16",
        "type-is": "^1.6.16"
      },
      "engines": {
        "node": ">=6"
      },
      "peerDependencies": {
        "graphql": "^0.12.0 || ^0.13.0 || ^14.0.0 || ^15.0.0"
      }
    },
    "node_modules/apollo-server-express/node_modules/bytes": {
      "version": "3.1.0",
      "license": "MIT",
      "engines": {
        "node": ">= 0.8"
      }
    },
    "node_modules/apollo-server-express/node_modules/content-disposition": {
      "version": "0.5.3",
      "license": "MIT",
      "dependencies": {
        "safe-buffer": "5.1.2"
      },
      "engines": {
        "node": ">= 0.6"
      }
    },
    "node_modules/apollo-server-express/node_modules/cookie": {
      "version": "0.4.0",
      "license": "MIT",
      "engines": {
        "node": ">= 0.6"
      }
    },
    "node_modules/apollo-server-express/node_modules/express": {
      "version": "4.17.1",
      "license": "MIT",
      "dependencies": {
        "accepts": "~1.3.7",
        "array-flatten": "1.1.1",
        "body-parser": "1.19.0",
        "content-disposition": "0.5.3",
        "content-type": "~1.0.4",
        "cookie": "0.4.0",
        "cookie-signature": "1.0.6",
        "debug": "2.6.9",
        "depd": "~1.1.2",
        "encodeurl": "~1.0.2",
        "escape-html": "~1.0.3",
        "etag": "~1.8.1",
        "finalhandler": "~1.1.2",
        "fresh": "0.5.2",
        "merge-descriptors": "1.0.1",
        "methods": "~1.1.2",
        "on-finished": "~2.3.0",
        "parseurl": "~1.3.3",
        "path-to-regexp": "0.1.7",
        "proxy-addr": "~2.0.5",
        "qs": "6.7.0",
        "range-parser": "~1.2.1",
        "safe-buffer": "5.1.2",
        "send": "0.17.1",
        "serve-static": "1.14.1",
        "setprototypeof": "1.1.1",
        "statuses": "~1.5.0",
        "type-is": "~1.6.18",
        "utils-merge": "1.0.1",
        "vary": "~1.1.2"
      },
      "engines": {
        "node": ">= 0.10.0"
      }
    },
    "node_modules/apollo-server-express/node_modules/express/node_modules/accepts": {
      "version": "1.3.7",
      "license": "MIT",
      "dependencies": {
        "mime-types": "~2.1.24",
        "negotiator": "0.6.2"
      },
      "engines": {
        "node": ">= 0.6"
      }
    },
    "node_modules/apollo-server-express/node_modules/express/node_modules/body-parser": {
      "version": "1.19.0",
      "license": "MIT",
      "dependencies": {
        "bytes": "3.1.0",
        "content-type": "~1.0.4",
        "debug": "2.6.9",
        "depd": "~1.1.2",
        "http-errors": "1.7.2",
        "iconv-lite": "0.4.24",
        "on-finished": "~2.3.0",
        "qs": "6.7.0",
        "raw-body": "2.4.0",
        "type-is": "~1.6.17"
      },
      "engines": {
        "node": ">= 0.8"
      }
    },
    "node_modules/apollo-server-express/node_modules/express/node_modules/parseurl": {
      "version": "1.3.3",
      "license": "MIT",
      "engines": {
        "node": ">= 0.8"
      }
    },
    "node_modules/apollo-server-express/node_modules/express/node_modules/type-is": {
      "version": "1.6.18",
      "license": "MIT",
      "dependencies": {
        "media-typer": "0.3.0",
        "mime-types": "~2.1.24"
      },
      "engines": {
        "node": ">= 0.6"
      }
    },
    "node_modules/apollo-server-express/node_modules/finalhandler": {
      "version": "1.1.2",
      "license": "MIT",
      "dependencies": {
        "debug": "2.6.9",
        "encodeurl": "~1.0.2",
        "escape-html": "~1.0.3",
        "on-finished": "~2.3.0",
        "parseurl": "~1.3.3",
        "statuses": "~1.5.0",
        "unpipe": "~1.0.0"
      },
      "engines": {
        "node": ">= 0.8"
      }
    },
    "node_modules/apollo-server-express/node_modules/finalhandler/node_modules/parseurl": {
      "version": "1.3.3",
      "license": "MIT",
      "engines": {
        "node": ">= 0.8"
      }
    },
    "node_modules/apollo-server-express/node_modules/http-errors": {
      "version": "1.7.2",
      "license": "MIT",
      "dependencies": {
        "depd": "~1.1.2",
        "inherits": "2.0.3",
        "setprototypeof": "1.1.1",
        "statuses": ">= 1.5.0 < 2",
        "toidentifier": "1.0.0"
      },
      "engines": {
        "node": ">= 0.6"
      }
    },
    "node_modules/apollo-server-express/node_modules/iconv-lite": {
      "version": "0.4.24",
      "license": "MIT",
      "dependencies": {
        "safer-buffer": ">= 2.1.2 < 3"
      },
      "engines": {
        "node": ">=0.10.0"
      }
    },
    "node_modules/apollo-server-express/node_modules/ipaddr.js": {
      "version": "1.9.1",
      "license": "MIT",
      "engines": {
        "node": ">= 0.10"
      }
    },
    "node_modules/apollo-server-express/node_modules/mime": {
      "version": "1.6.0",
      "license": "MIT",
      "bin": {
        "mime": "cli.js"
      },
      "engines": {
        "node": ">=4"
      }
    },
    "node_modules/apollo-server-express/node_modules/mime-db": {
      "version": "1.44.0",
      "license": "MIT",
      "engines": {
        "node": ">= 0.6"
      }
    },
    "node_modules/apollo-server-express/node_modules/mime-types": {
      "version": "2.1.27",
      "license": "MIT",
      "dependencies": {
        "mime-db": "1.44.0"
      },
      "engines": {
        "node": ">= 0.6"
      }
    },
    "node_modules/apollo-server-express/node_modules/ms": {
      "version": "2.1.1",
      "license": "MIT"
    },
    "node_modules/apollo-server-express/node_modules/negotiator": {
      "version": "0.6.2",
      "license": "MIT",
      "engines": {
        "node": ">= 0.6"
      }
    },
    "node_modules/apollo-server-express/node_modules/proxy-addr": {
      "version": "2.0.6",
      "license": "MIT",
      "dependencies": {
        "forwarded": "~0.1.2",
        "ipaddr.js": "1.9.1"
      },
      "engines": {
        "node": ">= 0.10"
      }
    },
    "node_modules/apollo-server-express/node_modules/qs": {
      "version": "6.7.0",
      "license": "BSD-3-Clause",
      "engines": {
        "node": ">=0.6"
      }
    },
    "node_modules/apollo-server-express/node_modules/range-parser": {
      "version": "1.2.1",
      "license": "MIT",
      "engines": {
        "node": ">= 0.6"
      }
    },
    "node_modules/apollo-server-express/node_modules/raw-body": {
      "version": "2.4.0",
      "license": "MIT",
      "dependencies": {
        "bytes": "3.1.0",
        "http-errors": "1.7.2",
        "iconv-lite": "0.4.24",
        "unpipe": "1.0.0"
      },
      "engines": {
        "node": ">= 0.8"
      }
    },
    "node_modules/apollo-server-express/node_modules/send": {
      "version": "0.17.1",
      "license": "MIT",
      "dependencies": {
        "debug": "2.6.9",
        "depd": "~1.1.2",
        "destroy": "~1.0.4",
        "encodeurl": "~1.0.2",
        "escape-html": "~1.0.3",
        "etag": "~1.8.1",
        "fresh": "0.5.2",
        "http-errors": "~1.7.2",
        "mime": "1.6.0",
        "ms": "2.1.1",
        "on-finished": "~2.3.0",
        "range-parser": "~1.2.1",
        "statuses": "~1.5.0"
      },
      "engines": {
        "node": ">= 0.8.0"
      }
    },
    "node_modules/apollo-server-express/node_modules/serve-static": {
      "version": "1.14.1",
      "license": "MIT",
      "dependencies": {
        "encodeurl": "~1.0.2",
        "escape-html": "~1.0.3",
        "parseurl": "~1.3.3",
        "send": "0.17.1"
      },
      "engines": {
        "node": ">= 0.8.0"
      }
    },
    "node_modules/apollo-server-express/node_modules/serve-static/node_modules/parseurl": {
      "version": "1.3.3",
      "license": "MIT",
      "engines": {
        "node": ">= 0.8"
      }
    },
    "node_modules/apollo-server-express/node_modules/setprototypeof": {
      "version": "1.1.1",
      "license": "ISC"
    },
    "node_modules/apollo-server-plugin-base": {
      "version": "0.9.0",
      "license": "MIT",
      "dependencies": {
        "apollo-server-types": "^0.5.0"
      },
      "engines": {
        "node": ">=6"
      },
      "peerDependencies": {
        "graphql": "^0.12.0 || ^0.13.0 || ^14.0.0 || ^15.0.0"
      }
    },
    "node_modules/apollo-server-types": {
      "version": "0.5.0",
      "license": "MIT",
      "dependencies": {
        "apollo-engine-reporting-protobuf": "^0.5.1",
        "apollo-server-caching": "^0.5.1",
        "apollo-server-env": "^2.4.4"
      },
      "engines": {
        "node": ">=6"
      },
      "peerDependencies": {
        "graphql": "^0.12.0 || ^0.13.0 || ^14.0.0 || ^15.0.0"
      }
    },
    "node_modules/apollo-tracing": {
      "version": "0.11.0",
      "license": "MIT",
      "dependencies": {
        "apollo-server-env": "^2.4.4",
        "apollo-server-plugin-base": "^0.9.0"
      },
      "engines": {
        "node": ">=4.0"
      },
      "peerDependencies": {
        "graphql": "^0.12.0 || ^0.13.0 || ^14.0.0 || ^15.0.0"
      }
    },
    "node_modules/apollo-utilities": {
      "version": "1.3.4",
      "license": "MIT",
      "dependencies": {
        "@wry/equality": "^0.1.2",
        "fast-json-stable-stringify": "^2.0.0",
        "ts-invariant": "^0.4.0",
        "tslib": "^1.10.0"
      },
      "peerDependencies": {
        "graphql": "^0.11.0 || ^0.12.0 || ^0.13.0 || ^14.0.0 || ^15.0.0"
      }
    },
    "node_modules/array-flatten": {
      "version": "1.1.1",
      "license": "MIT"
    },
    "node_modules/async-limiter": {
      "version": "1.0.1",
      "license": "MIT"
    },
    "node_modules/async-retry": {
      "version": "1.3.1",
      "license": "MIT",
      "dependencies": {
        "retry": "0.12.0"
      }
    },
    "node_modules/asynckit": {
      "version": "0.4.0",
      "license": "MIT"
    },
    "node_modules/backo2": {
      "version": "1.0.2",
      "license": "MIT"
    },
    "node_modules/body-parser": {
      "version": "1.18.3",
      "license": "MIT",
      "dependencies": {
        "bytes": "3.0.0",
        "content-type": "~1.0.4",
        "debug": "2.6.9",
        "depd": "~1.1.2",
        "http-errors": "~1.6.3",
        "iconv-lite": "0.4.23",
        "on-finished": "~2.3.0",
        "qs": "6.5.2",
        "raw-body": "2.3.3",
        "type-is": "~1.6.16"
      },
      "engines": {
        "node": ">= 0.8"
      }
    },
    "node_modules/body-parser/node_modules/http-errors": {
      "version": "1.6.3",
      "license": "MIT",
      "dependencies": {
        "depd": "~1.1.2",
        "inherits": "2.0.3",
        "setprototypeof": "1.1.0",
        "statuses": ">= 1.4.0 < 2"
      },
      "engines": {
        "node": ">= 0.6"
      }
    },
    "node_modules/busboy": {
      "version": "0.3.1",
      "dependencies": {
        "dicer": "0.3.0"
      },
      "engines": {
        "node": ">=4.5.0"
      }
    },
    "node_modules/bytes": {
      "version": "3.0.0",
      "license": "MIT",
      "engines": {
        "node": ">= 0.8"
      }
    },
    "node_modules/combined-stream": {
      "version": "1.0.8",
      "license": "MIT",
      "dependencies": {
        "delayed-stream": "~1.0.0"
      },
      "engines": {
        "node": ">= 0.8"
      }
    },
    "node_modules/commander": {
      "version": "2.20.3",
      "license": "MIT"
    },
    "node_modules/content-disposition": {
      "version": "0.5.2",
      "license": "MIT",
      "engines": {
        "node": ">= 0.6"
      }
    },
    "node_modules/content-type": {
      "version": "1.0.4",
      "license": "MIT",
      "engines": {
        "node": ">= 0.6"
      }
    },
    "node_modules/cookie": {
      "version": "0.3.1",
      "license": "MIT",
      "engines": {
        "node": ">= 0.6"
      }
    },
    "node_modules/cookie-signature": {
      "version": "1.0.6",
      "license": "MIT"
    },
    "node_modules/core-js": {
      "version": "3.6.5",
      "hasInstallScript": true,
      "license": "MIT",
      "funding": {
        "type": "opencollective",
        "url": "https://opencollective.com/core-js"
      }
    },
    "node_modules/cors": {
      "version": "2.8.5",
      "license": "MIT",
      "dependencies": {
        "object-assign": "^4",
        "vary": "^1"
      },
      "engines": {
        "node": ">= 0.10"
      }
    },
    "node_modules/cssfilter": {
      "version": "0.0.10",
      "license": "MIT"
    },
    "node_modules/debug": {
      "version": "2.6.9",
      "license": "MIT",
      "dependencies": {
        "ms": "2.0.0"
      }
    },
    "node_modules/define-properties": {
      "version": "1.1.3",
      "license": "MIT",
      "dependencies": {
        "object-keys": "^1.0.12"
      },
      "engines": {
        "node": ">= 0.4"
      }
    },
    "node_modules/delayed-stream": {
      "version": "1.0.0",
      "license": "MIT",
      "engines": {
        "node": ">=0.4.0"
      }
    },
    "node_modules/depd": {
      "version": "1.1.2",
      "license": "MIT",
      "engines": {
        "node": ">= 0.6"
      }
    },
    "node_modules/deprecated-decorator": {
      "version": "0.1.6",
      "license": "MIT"
    },
    "node_modules/destroy": {
      "version": "1.0.4",
      "license": "MIT"
    },
    "node_modules/dicer": {
      "version": "0.3.0",
      "dependencies": {
        "streamsearch": "0.1.2"
      },
      "engines": {
        "node": ">=4.5.0"
      }
    },
    "node_modules/ee-first": {
      "version": "1.1.1",
      "license": "MIT"
    },
    "node_modules/encodeurl": {
      "version": "1.0.2",
      "license": "MIT",
      "engines": {
        "node": ">= 0.8"
      }
    },
    "node_modules/es-abstract": {
      "version": "1.17.6",
      "license": "MIT",
      "dependencies": {
        "es-to-primitive": "^1.2.1",
        "function-bind": "^1.1.1",
        "has": "^1.0.3",
        "has-symbols": "^1.0.1",
        "is-callable": "^1.2.0",
        "is-regex": "^1.1.0",
        "object-inspect": "^1.7.0",
        "object-keys": "^1.1.1",
        "object.assign": "^4.1.0",
        "string.prototype.trimend": "^1.0.1",
        "string.prototype.trimstart": "^1.0.1"
      },
      "engines": {
        "node": ">= 0.4"
      },
      "funding": {
        "url": "https://github.com/sponsors/ljharb"
      }
    },
    "node_modules/es-to-primitive": {
      "version": "1.2.1",
      "license": "MIT",
      "dependencies": {
        "is-callable": "^1.1.4",
        "is-date-object": "^1.0.1",
        "is-symbol": "^1.0.2"
      },
      "engines": {
        "node": ">= 0.4"
      },
      "funding": {
        "url": "https://github.com/sponsors/ljharb"
      }
    },
    "node_modules/escape-html": {
      "version": "1.0.3",
      "license": "MIT"
    },
    "node_modules/etag": {
      "version": "1.8.1",
      "license": "MIT",
      "engines": {
        "node": ">= 0.6"
      }
    },
    "node_modules/eventemitter3": {
      "version": "3.1.2",
      "license": "MIT"
    },
    "node_modules/express": {
      "version": "4.16.4",
      "license": "MIT",
      "dependencies": {
        "accepts": "~1.3.5",
        "array-flatten": "1.1.1",
        "body-parser": "1.18.3",
        "content-disposition": "0.5.2",
        "content-type": "~1.0.4",
        "cookie": "0.3.1",
        "cookie-signature": "1.0.6",
        "debug": "2.6.9",
        "depd": "~1.1.2",
        "encodeurl": "~1.0.2",
        "escape-html": "~1.0.3",
        "etag": "~1.8.1",
        "finalhandler": "1.1.1",
        "fresh": "0.5.2",
        "merge-descriptors": "1.0.1",
        "methods": "~1.1.2",
        "on-finished": "~2.3.0",
        "parseurl": "~1.3.2",
        "path-to-regexp": "0.1.7",
        "proxy-addr": "~2.0.4",
        "qs": "6.5.2",
        "range-parser": "~1.2.0",
        "safe-buffer": "5.1.2",
        "send": "0.16.2",
        "serve-static": "1.13.2",
        "setprototypeof": "1.1.0",
        "statuses": "~1.4.0",
        "type-is": "~1.6.16",
        "utils-merge": "1.0.1",
        "vary": "~1.1.2"
      },
      "engines": {
        "node": ">= 0.10.0"
      }
    },
    "node_modules/express/node_modules/statuses": {
      "version": "1.4.0",
      "license": "MIT",
      "engines": {
        "node": ">= 0.6"
      }
    },
    "node_modules/fast-json-stable-stringify": {
      "version": "2.1.0",
      "license": "MIT"
    },
    "node_modules/finalhandler": {
      "version": "1.1.1",
      "license": "MIT",
      "dependencies": {
        "debug": "2.6.9",
        "encodeurl": "~1.0.2",
        "escape-html": "~1.0.3",
        "on-finished": "~2.3.0",
        "parseurl": "~1.3.2",
        "statuses": "~1.4.0",
        "unpipe": "~1.0.0"
      },
      "engines": {
        "node": ">= 0.8"
      }
    },
    "node_modules/finalhandler/node_modules/statuses": {
      "version": "1.4.0",
      "license": "MIT",
      "engines": {
        "node": ">= 0.6"
      }
    },
    "node_modules/form-data": {
      "version": "3.0.0",
      "license": "MIT",
      "dependencies": {
        "asynckit": "^0.4.0",
        "combined-stream": "^1.0.8",
        "mime-types": "^2.1.12"
      },
      "engines": {
        "node": ">= 6"
      }
    },
    "node_modules/forwarded": {
      "version": "0.1.2",
      "license": "MIT",
      "engines": {
        "node": ">= 0.6"
      }
    },
    "node_modules/fresh": {
      "version": "0.5.2",
      "license": "MIT",
      "engines": {
        "node": ">= 0.6"
      }
    },
    "node_modules/fs-capacitor": {
      "version": "2.0.4",
      "license": "MIT",
      "engines": {
        "node": ">=8.5"
      }
    },
    "node_modules/function-bind": {
      "version": "1.1.1",
      "license": "MIT"
    },
    "node_modules/graphql": {
      "version": "14.7.0",
      "resolved": "https://registry.npmjs.org/graphql/-/graphql-14.7.0.tgz",
      "integrity": "sha512-l0xWZpoPKpppFzMfvVyFmp9vLN7w/ZZJPefUicMCepfJeQ8sMcztloGYY9DfjVPo6tIUDzU5Hw3MUbIjj9AVVA==",
      "deprecated": "No longer supported; please update to a newer version. Details: https://github.com/graphql/graphql-js#version-support",
      "license": "MIT",
      "dependencies": {
        "iterall": "^1.2.2"
      },
      "engines": {
        "node": ">= 6.x"
      }
    },
    "node_modules/graphql-extensions": {
      "version": "0.12.3",
      "license": "MIT",
      "dependencies": {
        "@apollographql/apollo-tools": "^0.4.3",
        "apollo-server-env": "^2.4.4",
        "apollo-server-types": "^0.5.0"
      },
      "engines": {
        "node": ">=6.0"
      },
      "peerDependencies": {
        "graphql": "^0.12.0 || ^0.13.0 || ^14.0.0 || ^15.0.0"
      }
    },
    "node_modules/graphql-subscriptions": {
      "version": "1.1.0",
      "license": "MIT",
      "dependencies": {
        "iterall": "^1.2.1"
      },
      "peerDependencies": {
        "graphql": "^0.10.5 || ^0.11.3 || ^0.12.0 || ^0.13.0 || ^14.0.0"
      }
    },
    "node_modules/graphql-tag": {
      "version": "2.10.3",
      "license": "MIT",
      "peerDependencies": {
        "graphql": "^0.9.0 || ^0.10.0 || ^0.11.0 || ^0.12.0 || ^0.13.0 || ^14.0.0"
      }
    },
    "node_modules/graphql-tools": {
      "version": "4.0.8",
      "license": "MIT",
      "dependencies": {
        "apollo-link": "^1.2.14",
        "apollo-utilities": "^1.0.1",
        "deprecated-decorator": "^0.1.6",
        "iterall": "^1.1.3",
        "uuid": "^3.1.0"
      },
      "peerDependencies": {
        "graphql": "^0.13.0 || ^14.0.0 || ^15.0.0"
      }
    },
    "node_modules/graphql-tools/node_modules/uuid": {
      "version": "3.4.0",
      "license": "MIT",
      "bin": {
        "uuid": "bin/uuid"
      }
    },
    "node_modules/graphql-upload": {
      "version": "8.1.0",
      "license": "MIT",
      "dependencies": {
        "busboy": "^0.3.1",
        "fs-capacitor": "^2.0.4",
        "http-errors": "^1.7.3",
        "object-path": "^0.11.4"
      },
      "engines": {
        "node": ">=8.5"
      },
      "peerDependencies": {
        "graphql": "0.13.1 - 14"
      }
    },
    "node_modules/has": {
      "version": "1.0.3",
      "license": "MIT",
      "dependencies": {
        "function-bind": "^1.1.1"
      },
      "engines": {
        "node": ">= 0.4.0"
      }
    },
    "node_modules/has-symbols": {
      "version": "1.0.1",
      "license": "MIT",
      "engines": {
        "node": ">= 0.4"
      },
      "funding": {
        "url": "https://github.com/sponsors/ljharb"
      }
    },
    "node_modules/http-errors": {
      "version": "1.7.3",
      "license": "MIT",
      "dependencies": {
        "depd": "~1.1.2",
        "inherits": "2.0.4",
        "setprototypeof": "1.1.1",
        "statuses": ">= 1.5.0 < 2",
        "toidentifier": "1.0.0"
      },
      "engines": {
        "node": ">= 0.6"
      }
    },
    "node_modules/http-errors/node_modules/inherits": {
      "version": "2.0.4",
      "license": "ISC"
    },
    "node_modules/http-errors/node_modules/setprototypeof": {
      "version": "1.1.1",
      "license": "ISC"
    },
    "node_modules/iconv-lite": {
      "version": "0.4.23",
      "license": "MIT",
      "dependencies": {
        "safer-buffer": ">= 2.1.2 < 3"
      },
      "engines": {
        "node": ">=0.10.0"
      }
    },
    "node_modules/inherits": {
      "version": "2.0.3",
      "license": "ISC"
    },
    "node_modules/ipaddr.js": {
      "version": "1.8.0",
      "license": "MIT",
      "engines": {
        "node": ">= 0.10"
      }
    },
    "node_modules/is-callable": {
      "version": "1.2.0",
      "license": "MIT",
      "engines": {
        "node": ">= 0.4"
      },
      "funding": {
        "url": "https://github.com/sponsors/ljharb"
      }
    },
    "node_modules/is-date-object": {
      "version": "1.0.2",
      "license": "MIT",
      "engines": {
        "node": ">= 0.4"
      },
      "funding": {
        "url": "https://github.com/sponsors/ljharb"
      }
    },
    "node_modules/is-regex": {
      "version": "1.1.0",
      "license": "MIT",
      "dependencies": {
        "has-symbols": "^1.0.1"
      },
      "engines": {
        "node": ">= 0.4"
      },
      "funding": {
        "url": "https://github.com/sponsors/ljharb"
      }
    },
    "node_modules/is-symbol": {
      "version": "1.0.3",
      "license": "MIT",
      "dependencies": {
        "has-symbols": "^1.0.1"
      },
      "engines": {
        "node": ">= 0.4"
      },
      "funding": {
        "url": "https://github.com/sponsors/ljharb"
      }
    },
    "node_modules/iterall": {
      "version": "1.2.2",
      "license": "MIT"
    },
    "node_modules/lodash": {
      "version": "4.17.13",
      "license": "MIT"
    },
    "node_modules/lodash.sortby": {
      "version": "4.7.0",
      "license": "MIT"
    },
    "node_modules/loglevel": {
      "version": "1.6.8",
      "license": "MIT",
      "engines": {
        "node": ">= 0.6.0"
      },
      "funding": {
        "type": "tidelift",
        "url": "https://tidelift.com/subscription/pkg/npm-loglevel?utm_medium=referral&utm_source=npm_fund"
      }
    },
    "node_modules/long": {
      "version": "4.0.0",
      "license": "Apache-2.0"
    },
    "node_modules/lru-cache": {
      "version": "5.1.1",
      "license": "ISC",
      "dependencies": {
        "yallist": "^3.0.2"
      }
    },
    "node_modules/media-typer": {
      "version": "0.3.0",
      "license": "MIT",
      "engines": {
        "node": ">= 0.6"
      }
    },
    "node_modules/merge-descriptors": {
      "version": "1.0.1",
      "license": "MIT"
    },
    "node_modules/methods": {
      "version": "1.1.2",
      "license": "MIT",
      "engines": {
        "node": ">= 0.6"
      }
    },
    "node_modules/mime": {
      "version": "1.4.1",
      "license": "MIT",
      "bin": {
        "mime": "cli.js"
      }
    },
    "node_modules/mime-db": {
      "version": "1.37.0",
      "license": "MIT",
      "engines": {
        "node": ">= 0.6"
      }
    },
    "node_modules/mime-types": {
      "version": "2.1.21",
      "license": "MIT",
      "dependencies": {
        "mime-db": "~1.37.0"
      },
      "engines": {
        "node": ">= 0.6"
      }
    },
    "node_modules/ms": {
      "version": "2.0.0",
      "license": "MIT"
    },
    "node_modules/negotiator": {
      "version": "0.6.1",
      "license": "MIT",
      "engines": {
        "node": ">= 0.6"
      }
    },
    "node_modules/node-fetch": {
      "version": "2.6.0",
      "license": "MIT",
      "engines": {
        "node": "4.x || >=6.0.0"
      }
    },
    "node_modules/object-assign": {
      "version": "4.1.1",
      "license": "MIT",
      "engines": {
        "node": ">=0.10.0"
      }
    },
    "node_modules/object-inspect": {
      "version": "1.7.0",
      "license": "MIT",
      "funding": {
        "url": "https://github.com/sponsors/ljharb"
      }
    },
    "node_modules/object-keys": {
      "version": "1.1.1",
      "license": "MIT",
      "engines": {
        "node": ">= 0.4"
      }
    },
    "node_modules/object-path": {
      "version": "0.11.4",
      "license": "MIT",
      "engines": {
        "node": ">=0.10.0"
      }
    },
    "node_modules/object.assign": {
      "version": "4.1.0",
      "license": "MIT",
      "dependencies": {
        "define-properties": "^1.1.2",
        "function-bind": "^1.1.1",
        "has-symbols": "^1.0.0",
        "object-keys": "^1.0.11"
      },
      "engines": {
        "node": ">= 0.4"
      }
    },
    "node_modules/object.getownpropertydescriptors": {
      "version": "2.1.0",
      "license": "MIT",
      "dependencies": {
        "define-properties": "^1.1.3",
        "es-abstract": "^1.17.0-next.1"
      },
      "engines": {
        "node": ">= 0.8"
      },
      "funding": {
        "url": "https://github.com/sponsors/ljharb"
      }
    },
    "node_modules/on-finished": {
      "version": "2.3.0",
      "license": "MIT",
      "dependencies": {
        "ee-first": "1.1.1"
      },
      "engines": {
        "node": ">= 0.8"
      }
    },
    "node_modules/parseurl": {
      "version": "1.3.2",
      "license": "MIT",
      "engines": {
        "node": ">= 0.8"
      }
    },
    "node_modules/path-to-regexp": {
      "version": "0.1.7",
      "license": "MIT"
    },
    "node_modules/proxy-addr": {
      "version": "2.0.4",
      "license": "MIT",
      "dependencies": {
        "forwarded": "~0.1.2",
        "ipaddr.js": "1.8.0"
      },
      "engines": {
        "node": ">= 0.10"
      }
    },
    "node_modules/qs": {
      "version": "6.5.2",
      "license": "BSD-3-Clause",
      "engines": {
        "node": ">=0.6"
      }
    },
    "node_modules/range-parser": {
      "version": "1.2.0",
      "license": "MIT",
      "engines": {
        "node": ">= 0.6"
      }
    },
    "node_modules/raw-body": {
      "version": "2.3.3",
      "license": "MIT",
      "dependencies": {
        "bytes": "3.0.0",
        "http-errors": "1.6.3",
        "iconv-lite": "0.4.23",
        "unpipe": "1.0.0"
      },
      "engines": {
        "node": ">= 0.8"
      }
    },
    "node_modules/raw-body/node_modules/http-errors": {
      "version": "1.6.3",
      "license": "MIT",
      "dependencies": {
        "depd": "~1.1.2",
        "inherits": "2.0.3",
        "setprototypeof": "1.1.0",
        "statuses": ">= 1.4.0 < 2"
      },
      "engines": {
        "node": ">= 0.6"
      }
    },
    "node_modules/retry": {
      "version": "0.12.0",
      "license": "MIT",
      "engines": {
        "node": ">= 4"
      }
    },
    "node_modules/safe-buffer": {
      "version": "5.1.2",
      "license": "MIT"
    },
    "node_modules/safer-buffer": {
      "version": "2.1.2",
      "license": "MIT"
    },
    "node_modules/send": {
      "version": "0.16.2",
      "license": "MIT",
      "dependencies": {
        "debug": "2.6.9",
        "depd": "~1.1.2",
        "destroy": "~1.0.4",
        "encodeurl": "~1.0.2",
        "escape-html": "~1.0.3",
        "etag": "~1.8.1",
        "fresh": "0.5.2",
        "http-errors": "~1.6.2",
        "mime": "1.4.1",
        "ms": "2.0.0",
        "on-finished": "~2.3.0",
        "range-parser": "~1.2.0",
        "statuses": "~1.4.0"
      },
      "engines": {
        "node": ">= 0.8.0"
      }
    },
    "node_modules/send/node_modules/http-errors": {
      "version": "1.6.3",
      "license": "MIT",
      "dependencies": {
        "depd": "~1.1.2",
        "inherits": "2.0.3",
        "setprototypeof": "1.1.0",
        "statuses": ">= 1.4.0 < 2"
      },
      "engines": {
        "node": ">= 0.6"
      }
    },
    "node_modules/send/node_modules/statuses": {
      "version": "1.4.0",
      "license": "MIT",
      "engines": {
        "node": ">= 0.6"
      }
    },
    "node_modules/serve-static": {
      "version": "1.13.2",
      "license": "MIT",
      "dependencies": {
        "encodeurl": "~1.0.2",
        "escape-html": "~1.0.3",
        "parseurl": "~1.3.2",
        "send": "0.16.2"
      },
      "engines": {
        "node": ">= 0.8.0"
      }
    },
    "node_modules/setprototypeof": {
      "version": "1.1.0",
      "license": "ISC"
    },
    "node_modules/sha.js": {
      "version": "2.4.11",
      "license": "(MIT AND BSD-3-Clause)",
      "dependencies": {
        "inherits": "^2.0.1",
        "safe-buffer": "^5.0.1"
      },
      "bin": {
        "sha.js": "bin.js"
      }
    },
    "node_modules/statuses": {
      "version": "1.5.0",
      "license": "MIT",
      "engines": {
        "node": ">= 0.6"
      }
    },
    "node_modules/streamsearch": {
      "version": "0.1.2",
      "engines": {
        "node": ">=0.8.0"
      }
    },
    "node_modules/string.prototype.trimend": {
      "version": "1.0.1",
      "license": "MIT",
      "dependencies": {
        "define-properties": "^1.1.3",
        "es-abstract": "^1.17.5"
      },
      "funding": {
        "url": "https://github.com/sponsors/ljharb"
      }
    },
    "node_modules/string.prototype.trimstart": {
      "version": "1.0.1",
      "license": "MIT",
      "dependencies": {
        "define-properties": "^1.1.3",
        "es-abstract": "^1.17.5"
      },
      "funding": {
        "url": "https://github.com/sponsors/ljharb"
      }
    },
    "node_modules/subscriptions-transport-ws": {
      "version": "0.9.16",
      "license": "MIT",
      "dependencies": {
        "backo2": "^1.0.2",
        "eventemitter3": "^3.1.0",
        "iterall": "^1.2.1",
        "symbol-observable": "^1.0.4",
        "ws": "^5.2.0"
      },
      "peerDependencies": {
        "graphql": "^0.10.0 || ^0.11.0 || ^0.12.0 || ^0.13.1 || ^14.0.2"
      }
    },
    "node_modules/subscriptions-transport-ws/node_modules/ws": {
      "version": "5.2.2",
      "license": "MIT",
      "dependencies": {
        "async-limiter": "~1.0.0"
      }
    },
    "node_modules/symbol-observable": {
      "version": "1.2.0",
      "license": "MIT",
      "engines": {
        "node": ">=0.10.0"
      }
    },
    "node_modules/toidentifier": {
      "version": "1.0.0",
      "license": "MIT",
      "engines": {
        "node": ">=0.6"
      }
    },
    "node_modules/ts-invariant": {
      "version": "0.4.4",
      "license": "MIT",
      "dependencies": {
        "tslib": "^1.9.3"
      }
    },
    "node_modules/tslib": {
      "version": "1.13.0",
      "license": "0BSD"
    },
    "node_modules/type-is": {
      "version": "1.6.16",
      "license": "MIT",
      "dependencies": {
        "media-typer": "0.3.0",
        "mime-types": "~2.1.18"
      },
      "engines": {
        "node": ">= 0.6"
      }
    },
    "node_modules/unpipe": {
      "version": "1.0.0",
      "license": "MIT",
      "engines": {
        "node": ">= 0.8"
      }
    },
    "node_modules/util.promisify": {
      "version": "1.0.1",
      "license": "MIT",
      "dependencies": {
        "define-properties": "^1.1.3",
        "es-abstract": "^1.17.2",
        "has-symbols": "^1.0.1",
        "object.getownpropertydescriptors": "^2.1.0"
      },
      "funding": {
        "url": "https://github.com/sponsors/ljharb"
      }
    },
    "node_modules/utils-merge": {
      "version": "1.0.1",
      "license": "MIT",
      "engines": {
        "node": ">= 0.4.0"
      }
    },
    "node_modules/uuid": {
      "version": "8.1.0",
      "license": "MIT",
      "bin": {
        "uuid": "dist/bin/uuid"
      }
    },
    "node_modules/vary": {
      "version": "1.1.2",
      "license": "MIT",
      "engines": {
        "node": ">= 0.8"
      }
    },
    "node_modules/ws": {
      "version": "6.2.1",
      "license": "MIT",
      "dependencies": {
        "async-limiter": "~1.0.0"
      }
    },
    "node_modules/xss": {
      "version": "1.0.7",
      "license": "MIT",
      "dependencies": {
        "commander": "^2.20.3",
        "cssfilter": "0.0.10"
      },
      "bin": {
        "xss": "bin/xss"
      },
      "engines": {
        "node": ">= 0.10.0"
      }
    },
    "node_modules/yallist": {
      "version": "3.1.1",
      "license": "ISC"
    },
    "node_modules/zen-observable": {
      "version": "0.8.15",
      "license": "MIT"
    },
    "node_modules/zen-observable-ts": {
      "version": "0.8.21",
      "license": "MIT",
      "dependencies": {
        "tslib": "^1.9.3",
        "zen-observable": "^0.8.0"
      }
    }
  }
}
